
Microsoft Visual Studio Solution File, Format Version 12.00
# Visual Studio Version 17
VisualStudioVersion = 17.3.32929.385
MinimumVisualStudioVersion = 10.0.40219.1
Project("{9A19103F-16F7-4668-BE54-9A1E7A4F7556}") = "ConncetFour.WPF", "ConnectFour.WPF\ConncetFour.WPF.csproj", "{D4315847-9FE0-40D8-9363-05CCE60FEC09}"
EndProject
Project("{9A19103F-16F7-4668-BE54-9A1E7A4F7556}") = "ConnectFour", "ConncetFour\ConnectFour.csproj", "{44616441-CBA7-4161-AA90-263E28653065}"
EndProject
Global
	GlobalSection(SolutionConfigurationPlatforms) = preSolution
		Debug|Any CPU = Debug|Any CPU
		Release|Any CPU = Release|Any CPU
	EndGlobalSection
	GlobalSection(ProjectConfigurationPlatforms) = postSolution
		{D4315847-9FE0-40D8-9363-05CCE60FEC09}.Debug|Any CPU.ActiveCfg = Debug|Any CPU
		{D4315847-9FE0-40D8-9363-05CCE60FEC09}.Debug|Any CPU.Build.0 = Debug|Any CPU
		{D4315847-9FE0-40D8-9363-05CCE60FEC09}.Release|Any CPU.ActiveCfg = Release|Any CPU
		{D4315847-9FE0-40D8-9363-05CCE60FEC09}.Release|Any CPU.Build.0 = Release|Any CPU
		{44616441-CBA7-4161-AA90-263E28653065}.Debug|Any CPU.ActiveCfg = Debug|Any CPU
		{44616441-CBA7-4161-AA90-263E28653065}.Debug|Any CPU.Build.0 = Debug|Any CPU
		{44616441-CBA7-4161-AA90-263E28653065}.Release|Any CPU.ActiveCfg = Release|Any CPU
		{44616441-CBA7-4161-AA90-263E28653065}.Release|Any CPU.Build.0 = Release|Any CPU
	EndGlobalSection
	GlobalSection(SolutionProperties) = preSolution
		HideSolutionNode = FALSE
	EndGlobalSection
	GlobalSection(ExtensibilityGlobals) = postSolution
		SolutionGuid = {B0043421-804A-42DC-826A-DDEFE09E9753}
	EndGlobalSection
EndGlobal
